
Microsoft Visual Studio Solution File, Format Version 12.00
# Visual Studio Version 17
VisualStudioVersion = 17.4.33213.308
MinimumVisualStudioVersion = 10.0.40219.1
Project("{FAE04EC0-301F-11D3-BF4B-00C04F79EFBC}") = "SliderApp1", "SliderApp1.csproj", "{9272096E-E03C-4A8F-AC1E-DD0D0B965D68}"
EndProject
Global
	GlobalSection(SolutionConfigurationPlatforms) = preSolution
		Debug|Any CPU = Debug|Any CPU
		Release|Any CPU = Release|Any CPU
	EndGlobalSection
	GlobalSection(ProjectConfigurationPlatforms) = postSolution
		{9272096E-E03C-4A8F-AC1E-DD0D0B965D68}.Debug|Any CPU.ActiveCfg = Debug|Any CPU
		{9272096E-E03C-4A8F-AC1E-DD0D0B965D68}.Debug|Any CPU.Build.0 = Debug|Any CPU
		{9272096E-E03C-4A8F-AC1E-DD0D0B965D68}.Release|Any CPU.ActiveCfg = Release|Any CPU
		{9272096E-E03C-4A8F-AC1E-DD0D0B965D68}.Release|Any CPU.Build.0 = Release|Any CPU
	EndGlobalSection
	GlobalSection(SolutionProperties) = preSolution
		HideSolutionNode = FALSE
	EndGlobalSection
	GlobalSection(ExtensibilityGlobals) = postSolution
		SolutionGuid = {FEDD2471-DFEE-422F-9873-677CC49FDD3E}
	EndGlobalSection
EndGlobal
