
Microsoft Visual Studio Solution File, Format Version 12.00
# Visual Studio Version 17
VisualStudioVersion = 17.4.33213.308
MinimumVisualStudioVersion = 10.0.40219.1
Project("{FAE04EC0-301F-11D3-BF4B-00C04F79EFBC}") = "KeyPress", "KeyPress.csproj", "{75A51900-C717-4EF1-B59C-5AEFBDA44183}"
EndProject
Global
	GlobalSection(SolutionConfigurationPlatforms) = preSolution
		Debug|Any CPU = Debug|Any CPU
		Release|Any CPU = Release|Any CPU
	EndGlobalSection
	GlobalSection(ProjectConfigurationPlatforms) = postSolution
		{75A51900-C717-4EF1-B59C-5AEFBDA44183}.Debug|Any CPU.ActiveCfg = Debug|Any CPU
		{75A51900-C717-4EF1-B59C-5AEFBDA44183}.Debug|Any CPU.Build.0 = Debug|Any CPU
		{75A51900-C717-4EF1-B59C-5AEFBDA44183}.Release|Any CPU.ActiveCfg = Release|Any CPU
		{75A51900-C717-4EF1-B59C-5AEFBDA44183}.Release|Any CPU.Build.0 = Release|Any CPU
	EndGlobalSection
	GlobalSection(SolutionProperties) = preSolution
		HideSolutionNode = FALSE
	EndGlobalSection
	GlobalSection(ExtensibilityGlobals) = postSolution
		SolutionGuid = {3A0E20E5-F0E0-4F07-94A6-DE76FF62CBB7}
	EndGlobalSection
EndGlobal
