
Microsoft Visual Studio Solution File, Format Version 12.00
# Visual Studio Version 17
VisualStudioVersion = 17.4.33213.308
MinimumVisualStudioVersion = 10.0.40219.1
Project("{FAE04EC0-301F-11D3-BF4B-00C04F79EFBC}") = "Practice", "Practice.csproj", "{FF37CC05-C0B1-4ADD-96F9-2D5513D9BB18}"
EndProject
Global
	GlobalSection(SolutionConfigurationPlatforms) = preSolution
		Debug|Any CPU = Debug|Any CPU
		Release|Any CPU = Release|Any CPU
	EndGlobalSection
	GlobalSection(ProjectConfigurationPlatforms) = postSolution
		{FF37CC05-C0B1-4ADD-96F9-2D5513D9BB18}.Debug|Any CPU.ActiveCfg = Debug|Any CPU
		{FF37CC05-C0B1-4ADD-96F9-2D5513D9BB18}.Debug|Any CPU.Build.0 = Debug|Any CPU
		{FF37CC05-C0B1-4ADD-96F9-2D5513D9BB18}.Release|Any CPU.ActiveCfg = Release|Any CPU
		{FF37CC05-C0B1-4ADD-96F9-2D5513D9BB18}.Release|Any CPU.Build.0 = Release|Any CPU
	EndGlobalSection
	GlobalSection(SolutionProperties) = preSolution
		HideSolutionNode = FALSE
	EndGlobalSection
	GlobalSection(ExtensibilityGlobals) = postSolution
		SolutionGuid = {E07EF2B3-5BD2-4023-882F-4F13B26F1873}
	EndGlobalSection
EndGlobal
