
Microsoft Visual Studio Solution File, Format Version 12.00
# Visual Studio Version 17
VisualStudioVersion = 17.4.33213.308
MinimumVisualStudioVersion = 10.0.40219.1
Project("{FAE04EC0-301F-11D3-BF4B-00C04F79EFBC}") = "Calculator", "Calculator.csproj", "{161C77D4-6318-4747-B2B2-93C085D11043}"
EndProject
Global
	GlobalSection(SolutionConfigurationPlatforms) = preSolution
		Debug|Any CPU = Debug|Any CPU
		Release|Any CPU = Release|Any CPU
	EndGlobalSection
	GlobalSection(ProjectConfigurationPlatforms) = postSolution
		{161C77D4-6318-4747-B2B2-93C085D11043}.Debug|Any CPU.ActiveCfg = Debug|Any CPU
		{161C77D4-6318-4747-B2B2-93C085D11043}.Debug|Any CPU.Build.0 = Debug|Any CPU
		{161C77D4-6318-4747-B2B2-93C085D11043}.Release|Any CPU.ActiveCfg = Release|Any CPU
		{161C77D4-6318-4747-B2B2-93C085D11043}.Release|Any CPU.Build.0 = Release|Any CPU
	EndGlobalSection
	GlobalSection(SolutionProperties) = preSolution
		HideSolutionNode = FALSE
	EndGlobalSection
	GlobalSection(ExtensibilityGlobals) = postSolution
		SolutionGuid = {63B1CD24-C006-49C8-9F2D-66D1C1C38693}
	EndGlobalSection
EndGlobal
