
Microsoft Visual Studio Solution File, Format Version 12.00
# Visual Studio Version 17
VisualStudioVersion = 17.4.33213.308
MinimumVisualStudioVersion = 10.0.40219.1
Project("{FAE04EC0-301F-11D3-BF4B-00C04F79EFBC}") = "Meeting", "Meeting.csproj", "{94FED0A5-781F-4289-8160-D252FE1C43E8}"
EndProject
Global
	GlobalSection(SolutionConfigurationPlatforms) = preSolution
		Debug|Any CPU = Debug|Any CPU
		Release|Any CPU = Release|Any CPU
	EndGlobalSection
	GlobalSection(ProjectConfigurationPlatforms) = postSolution
		{94FED0A5-781F-4289-8160-D252FE1C43E8}.Debug|Any CPU.ActiveCfg = Debug|Any CPU
		{94FED0A5-781F-4289-8160-D252FE1C43E8}.Debug|Any CPU.Build.0 = Debug|Any CPU
		{94FED0A5-781F-4289-8160-D252FE1C43E8}.Release|Any CPU.ActiveCfg = Release|Any CPU
		{94FED0A5-781F-4289-8160-D252FE1C43E8}.Release|Any CPU.Build.0 = Release|Any CPU
	EndGlobalSection
	GlobalSection(SolutionProperties) = preSolution
		HideSolutionNode = FALSE
	EndGlobalSection
	GlobalSection(ExtensibilityGlobals) = postSolution
		SolutionGuid = {3EAAD350-DF25-4F69-9F3F-EEBA9BA5ABB9}
	EndGlobalSection
EndGlobal
